<?xml version="1.0" encoding="utf-8"?>
<Project ToolsVersion="4.0" xmlns="http://schemas.microsoft.com/developer/msbuild/2003">
  <ItemGroup>
    <ClCompile Include="UnitexAnnotatorCpp.cpp" />
    <ClCompile Include="UnitexException.cpp" />
    <ClCompile Include="CheckDicCommand.cpp">
      <Filter>Unitex Commands</Filter>
    </ClCompile>
    <ClCompile Include="CompressCommand.cpp">
      <Filter>Unitex Commands</Filter>
    </ClCompile>
    <ClCompile Include="ConcordCommand.cpp">
      <Filter>Unitex Commands</Filter>
    </ClCompile>
    <ClCompile Include="AnnotationWrapper.cpp">
      <Filter>UIMA Annotations</Filter>
    </ClCompile>
    <ClCompile Include="AnnotatorPerformanceAnnotation.cpp">
      <Filter>UIMA Annotations</Filter>
    </ClCompile>
    <ClCompile Include="AutomatonLocatePerformanceAnnotation.cpp">
      <Filter>UIMA Annotations</Filter>
    </ClCompile>
    <ClCompile Include="ContextAreaAnnotation.cpp">
      <Filter>UIMA Annotations</Filter>
    </ClCompile>
    <ClCompile Include="DicoCommand.cpp">
      <Filter>Unitex Commands</Filter>
    </ClCompile>
    <ClCompile Include="FlattenCommand.cpp">
      <Filter>Unitex Commands</Filter>
    </ClCompile>
    <ClCompile Include="Fst2CheckCommand.cpp">
      <Filter>Unitex Commands</Filter>
    </ClCompile>
    <ClCompile Include="Fst2TxtCommand.cpp">
      <Filter>Unitex Commands</Filter>
    </ClCompile>
    <ClCompile Include="Grf2Fst2Command.cpp">
      <Filter>Unitex Commands</Filter>
    </ClCompile>
    <ClCompile Include="LocateCommand.cpp">
      <Filter>Unitex Commands</Filter>
    </ClCompile>
    <ClCompile Include="NormalizeCommand.cpp">
      <Filter>Unitex Commands</Filter>
    </ClCompile>
    <ClCompile Include="ParagraphAnnotation.cpp">
      <Filter>UIMA Annotations</Filter>
    </ClCompile>
    <ClCompile Include="FileUtils.cpp">
      <Filter>Utils</Filter>
    </ClCompile>
    <ClCompile Include="JavaLikeEnum.cpp">
      <Filter>Utils</Filter>
    </ClCompile>
    <ClCompile Include="SentenceAnnotation.cpp">
      <Filter>UIMA Annotations</Filter>
    </ClCompile>
    <ClCompile Include="QualifiedString.cpp">
      <Filter>UIMA Annotations</Filter>
    </ClCompile>
    <ClCompile Include="TextArea.cpp">
      <Filter>UIMA Annotations</Filter>
    </ClCompile>
    <ClCompile Include="TextAreaAnnotation.cpp">
      <Filter>UIMA Annotations</Filter>
    </ClCompile>
    <ClCompile Include="TokenAnnotation.cpp">
      <Filter>UIMA Annotations</Filter>
    </ClCompile>
    <ClCompile Include="TokenizeCommand.cpp">
      <Filter>Unitex Commands</Filter>
    </ClCompile>
    <ClCompile Include="TransductionOutputAnnotation.cpp">
      <Filter>UIMA Annotations</Filter>
    </ClCompile>
    <ClCompile Include="UnitexCommand.cpp">
      <Filter>Unitex Commands</Filter>
    </ClCompile>
    <ClCompile Include="LanguageArea.cpp">
      <Filter>UIMA Annotations</Filter>
    </ClCompile>
    <ClCompile Include="UnitexEngine.cpp">
      <Filter>Engine</Filter>
    </ClCompile>
    <ClCompile Include="UnitexSubengine.cpp">
      <Filter>Engine</Filter>
    </ClCompile>
    <ClCompile Include="DictionaryCompiler.cpp">
      <Filter>Engine</Filter>
    </ClCompile>
    <ClCompile Include="TextPreprocessor.cpp">
      <Filter>Engine</Filter>
    </ClCompile>
    <ClCompile Include="TextProcessor.cpp">
      <Filter>Engine</Filter>
    </ClCompile>
    <ClCompile Include="UnitexDocumentParameters.cpp">
      <Filter>UIMA Annotations</Filter>
    </ClCompile>
    <ClCompile Include="UnitexTypes.cpp">
      <Filter>Utils</Filter>
    </ClCompile>
    <ClCompile Include="Utils.cpp">
      <Filter>Utils</Filter>
    </ClCompile>
    <ClCompile Include="Language.cpp">
      <Filter>Language</Filter>
    </ClCompile>
    <ClCompile Include="LanguageResources.cpp">
      <Filter>Language</Filter>
    </ClCompile>
    <ClCompile Include="VirtualFolderCleaner.cpp">
      <Filter>Utils</Filter>
    </ClCompile>
    <ClCompile Include="UnitexOutputOffsetConverter.cpp">
      <Filter>Tokenizer</Filter>
    </ClCompile>
    <ClCompile Include="UnitexTokenizer.cpp">
      <Filter>Tokenizer</Filter>
    </ClCompile>
    <ClCompile Include="MemoryLeaksDumper.cpp" />
    <ClCompile Include="MemLeakDetect.cpp">
      <Filter>Utils</Filter>
    </ClCompile>
    <ClCompile Include="GraphCompiler.cpp">
      <Filter>Engine</Filter>
    </ClCompile>
    <ClCompile Include="RunLogCommand.cpp" />
    <ClCompile Include="ProfilingLogger.cpp">
      <Filter>Performances</Filter>
    </ClCompile>
    <ClCompile Include="UnitexLogInstaller.cpp">
      <Filter>Utils</Filter>
    </ClCompile>
  </ItemGroup>
  <ItemGroup>
    <ClInclude Include="UnitexAnnotatorCpp.h" />
    <ClInclude Include="UnitexException.h" />
    <ClInclude Include="CheckDicCommand.h">
      <Filter>Unitex Commands</Filter>
    </ClInclude>
    <ClInclude Include="CompressCommand.h">
      <Filter>Unitex Commands</Filter>
    </ClInclude>
    <ClInclude Include="ConcordCommand.h">
      <Filter>Unitex Commands</Filter>
    </ClInclude>
    <ClInclude Include="AnnotationWrapper.h">
      <Filter>UIMA Annotations</Filter>
    </ClInclude>
    <ClInclude Include="AnnotatorPerformanceAnnotation.h">
      <Filter>UIMA Annotations</Filter>
    </ClInclude>
    <ClInclude Include="AutomatonLocatePerformanceAnnotation.h">
      <Filter>UIMA Annotations</Filter>
    </ClInclude>
    <ClInclude Include="ContextAreaAnnotation.h">
      <Filter>UIMA Annotations</Filter>
    </ClInclude>
    <ClInclude Include="DicoCommand.h">
      <Filter>Unitex Commands</Filter>
    </ClInclude>
    <ClInclude Include="FlattenCommand.h">
      <Filter>Unitex Commands</Filter>
    </ClInclude>
    <ClInclude Include="Fst2CheckCommand.h">
      <Filter>Unitex Commands</Filter>
    </ClInclude>
    <ClInclude Include="Fst2TxtCommand.h">
      <Filter>Unitex Commands</Filter>
    </ClInclude>
    <ClInclude Include="Grf2Fst2Command.h">
      <Filter>Unitex Commands</Filter>
    </ClInclude>
    <ClInclude Include="LocateCommand.h">
      <Filter>Unitex Commands</Filter>
    </ClInclude>
    <ClInclude Include="NormalizeCommand.h">
      <Filter>Unitex Commands</Filter>
    </ClInclude>
    <ClInclude Include="ParagraphAnnotation.h">
      <Filter>UIMA Annotations</Filter>
    </ClInclude>
    <ClInclude Include="FileUtils.h">
      <Filter>Utils</Filter>
    </ClInclude>
    <ClInclude Include="JavaLikeEnum.h">
      <Filter>Utils</Filter>
    </ClInclude>
    <ClInclude Include="SentenceAnnotation.h">
      <Filter>UIMA Annotations</Filter>
    </ClInclude>
    <ClInclude Include="QualifiedString.h">
      <Filter>UIMA Annotations</Filter>
    </ClInclude>
    <ClInclude Include="TextArea.h">
      <Filter>UIMA Annotations</Filter>
    </ClInclude>
    <ClInclude Include="TextAreaAnnotation.h">
      <Filter>UIMA Annotations</Filter>
    </ClInclude>
    <ClInclude Include="TokenAnnotation.h">
      <Filter>UIMA Annotations</Filter>
    </ClInclude>
    <ClInclude Include="TokenizeCommand.h">
      <Filter>Unitex Commands</Filter>
    </ClInclude>
    <ClInclude Include="TransductionOutputAnnotation.h">
      <Filter>UIMA Annotations</Filter>
    </ClInclude>
    <ClInclude Include="UnitexCommand.h">
      <Filter>Unitex Commands</Filter>
    </ClInclude>
    <ClInclude Include="LanguageArea.h">
      <Filter>UIMA Annotations</Filter>
    </ClInclude>
    <ClInclude Include="UnitexEngine.h">
      <Filter>Engine</Filter>
    </ClInclude>
    <ClInclude Include="UnitexSubengine.h">
      <Filter>Engine</Filter>
    </ClInclude>
    <ClInclude Include="DictionaryCompiler.h">
      <Filter>Engine</Filter>
    </ClInclude>
    <ClInclude Include="TextPreprocessor.h">
      <Filter>Engine</Filter>
    </ClInclude>
    <ClInclude Include="TextProcessor.h">
      <Filter>Engine</Filter>
    </ClInclude>
    <ClInclude Include="UnitexDocumentParameters.h">
      <Filter>UIMA Annotations</Filter>
    </ClInclude>
    <ClInclude Include="UnitexTypes.h">
      <Filter>Utils</Filter>
    </ClInclude>
    <ClInclude Include="Utils.h">
      <Filter>Utils</Filter>
    </ClInclude>
    <ClInclude Include="Language.h">
      <Filter>Language</Filter>
    </ClInclude>
    <ClInclude Include="LanguageResources.h">
      <Filter>Language</Filter>
    </ClInclude>
    <ClInclude Include="VirtualFolderCleaner.h">
      <Filter>Utils</Filter>
    </ClInclude>
    <ClInclude Include="UnitexTokenizer.h">
      <Filter>Tokenizer</Filter>
    </ClInclude>
    <ClInclude Include="UnitexOutputOffsetConverter.h">
      <Filter>Tokenizer</Filter>
    </ClInclude>
    <ClInclude Include="MemoryLeaksDumper.h" />
    <ClInclude Include="GraphCompiler.h">
      <Filter>Engine</Filter>
    </ClInclude>
    <ClInclude Include="RunLogCommand.h" />
    <ClInclude Include="ProfilingLogger.h">
      <Filter>Performances</Filter>
    </ClInclude>
  </ItemGroup>
  <ItemGroup>
    <Filter Include="Unitex">
      <UniqueIdentifier>{42ad2c28-94d6-4354-9567-e0169186132d}</UniqueIdentifier>
    </Filter>
    <Filter Include="UIMA Annotations">
      <UniqueIdentifier>{ce11f4f2-c787-43a0-a80e-c7e25f768241}</UniqueIdentifier>
    </Filter>
    <Filter Include="Utils">
      <UniqueIdentifier>{b2b90871-edcf-4114-a00f-9d612b303c5a}</UniqueIdentifier>
    </Filter>
    <Filter Include="Unitex Commands">
      <UniqueIdentifier>{f257bf0b-f56c-46ba-acf7-b0cfe4e2f0d2}</UniqueIdentifier>
      <Extensions>
      </Extensions>
    </Filter>
    <Filter Include="Engine">
      <UniqueIdentifier>{74c9501c-cff2-47a8-a1d1-4c6140929277}</UniqueIdentifier>
    </Filter>
    <Filter Include="Language">
      <UniqueIdentifier>{0097b23d-da4c-4902-8ccd-033335d052ea}</UniqueIdentifier>
    </Filter>
    <Filter Include="Tokenizer">
      <UniqueIdentifier>{bd737fc3-9465-491e-8163-3ab65a641282}</UniqueIdentifier>
    </Filter>
    <Filter Include="Performances">
      <UniqueIdentifier>{4583d310-47ce-4844-9ceb-010554be0554}</UniqueIdentifier>
    </Filter>
  </ItemGroup>
  <ItemGroup>
    <None Include="pom.xml" />
    <None Include="copydep.cmd" />
    <None Include="unziptre.cmd" />
  </ItemGroup>
</Project>